
Microsoft Visual Studio Solution File, Format Version 12.00
# Visual Studio Version 17
VisualStudioVersion = 17.0.31903.59
MinimumVisualStudioVersion = 10.0.40219.1
Project("{FAE04EC0-301F-11D3-BF4B-00C04F79EFBC}") = "SleeDigital.LabelStore.Library", "SleeDigital.LabelStore.Library\SleeDigital.LabelStore.Library.csproj", "{495F5771-CE0D-4FE2-A794-EE5DB09C557C}"
EndProject
Project("{FAE04EC0-301F-11D3-BF4B-00C04F79EFBC}") = "SleeDigital.LabelStore.Library.Tests", "SleeDigital.LabelStore.Library.Tests\SleeDigital.LabelStore.Library.Tests.csproj", "{476871BD-A7C5-4978-BFA1-FB2057E12221}"
EndProject
Global
	GlobalSection(SolutionConfigurationPlatforms) = preSolution
		Debug|Any CPU = Debug|Any CPU
		Release|Any CPU = Release|Any CPU
	EndGlobalSection
	GlobalSection(SolutionProperties) = preSolution
		HideSolutionNode = FALSE
	EndGlobalSection
	GlobalSection(ProjectConfigurationPlatforms) = postSolution
		{2B0DFFFB-F08B-4C9F-9971-177E3C1B14EB}.Debug|Any CPU.ActiveCfg = Debug|Any CPU
		{2B0DFFFB-F08B-4C9F-9971-177E3C1B14EB}.Debug|Any CPU.Build.0 = Debug|Any CPU
		{2B0DFFFB-F08B-4C9F-9971-177E3C1B14EB}.Release|Any CPU.ActiveCfg = Release|Any CPU
		{2B0DFFFB-F08B-4C9F-9971-177E3C1B14EB}.Release|Any CPU.Build.0 = Release|Any CPU
		{495F5771-CE0D-4FE2-A794-EE5DB09C557C}.Debug|Any CPU.ActiveCfg = Debug|Any CPU
		{495F5771-CE0D-4FE2-A794-EE5DB09C557C}.Debug|Any CPU.Build.0 = Debug|Any CPU
		{495F5771-CE0D-4FE2-A794-EE5DB09C557C}.Release|Any CPU.ActiveCfg = Release|Any CPU
		{495F5771-CE0D-4FE2-A794-EE5DB09C557C}.Release|Any CPU.Build.0 = Release|Any CPU
		{476871BD-A7C5-4978-BFA1-FB2057E12221}.Debug|Any CPU.ActiveCfg = Debug|Any CPU
		{476871BD-A7C5-4978-BFA1-FB2057E12221}.Debug|Any CPU.Build.0 = Debug|Any CPU
		{476871BD-A7C5-4978-BFA1-FB2057E12221}.Release|Any CPU.ActiveCfg = Release|Any CPU
		{476871BD-A7C5-4978-BFA1-FB2057E12221}.Release|Any CPU.Build.0 = Release|Any CPU
	EndGlobalSection
EndGlobal
